// !$*UTF8*$!
{
	archiveVersion = 1;
	classes = {
	};
	objectVersion = 46;
	objects = {

/* Begin PBXBuildFile section */
		EE6767441A24DE9000D3D7CD /* robot_outline.png in Resources */ = {isa = PBXBuildFile; fileRef = EE6767431A24DE9000D3D7CD /* robot_outline.png */; };
		EECD218C1A2459FA000A78BC /* main.m in Sources */ = {isa = PBXBuildFile; fileRef = EECD218B1A2459FA000A78BC /* main.m */; };
		EECD218F1A2459FA000A78BC /* AppDelegate.m in Sources */ = {isa = PBXBuildFile; fileRef = EECD218E1A2459FA000A78BC /* AppDelegate.m */; };
		EECD21921A2459FA000A78BC /* ViewController.m in Sources */ = {isa = PBXBuildFile; fileRef = EECD21911A2459FA000A78BC /* ViewController.m */; };
		EECD21951A2459FA000A78BC /* Main.storyboard in Resources */ = {isa = PBXBuildFile; fileRef = EECD21931A2459FA000A78BC /* Main.storyboard */; };
		EECD21971A2459FA000A78BC /* Images.xcassets in Resources */ = {isa = PBXBuildFile; fileRef = EECD21961A2459FA000A78BC /* Images.xcassets */; };
		EECD219A1A2459FA000A78BC /* LaunchScreen.xib in Resources */ = {isa = PBXBuildFile; fileRef = EECD21981A2459FA000A78BC /* LaunchScreen.xib */; };
		EECD21A61A2459FA000A78BC /* AFuuHelpMeTests.m in Sources */ = {isa = PBXBuildFile; fileRef = EECD21A51A2459FA000A78BC /* AFuuHelpMeTests.m */; };
		EECD21B01A245A2C000A78BC /* CoreGraphics.framework in Frameworks */ = {isa = PBXBuildFile; fileRef = EECD21AF1A245A2C000A78BC /* CoreGraphics.framework */; };
		EECD21B21A245A34000A78BC /* CoreLocation.framework in Frameworks */ = {isa = PBXBuildFile; fileRef = EECD21B11A245A34000A78BC /* CoreLocation.framework */; };
		EECD21B41A245A3B000A78BC /* UIKit.framework in Frameworks */ = {isa = PBXBuildFile; fileRef = EECD21B31A245A3B000A78BC /* UIKit.framework */; };
		EECD21B61A245A46000A78BC /* Foundation.framework in Frameworks */ = {isa = PBXBuildFile; fileRef = EECD21B51A245A46000A78BC /* Foundation.framework */; };
		EED79EB51A276E0800E42230 /* bulb_gradient.png in Resources */ = {isa = PBXBuildFile; fileRef = EED79EAF1A276E0800E42230 /* bulb_gradient.png */; };
		EED79EB61A276E0800E42230 /* bulb.png in Resources */ = {isa = PBXBuildFile; fileRef = EED79EB01A276E0800E42230 /* bulb.png */; };
		EED79EB71A276E0800E42230 /* chrome_icon_gradient.png in Resources */ = {isa = PBXBuildFile; fileRef = EED79EB11A276E0800E42230 /* chrome_icon_gradient.png */; };
		EED79EB81A276E0800E42230 /* chrome_icon.png in Resources */ = {isa = PBXBuildFile; fileRef = EED79EB21A276E0800E42230 /* chrome_icon.png */; };
		EED79EB91A276E0800E42230 /* youtube_logo_gradient.png in Resources */ = {isa = PBXBuildFile; fileRef = EED79EB31A276E0800E42230 /* youtube_logo_gradient.png */; };
		EED79EBA1A276E0800E42230 /* youtube_logo.png in Resources */ = {isa = PBXBuildFile; fileRef = EED79EB41A276E0800E42230 /* youtube_logo.png */; };
/* End PBXBuildFile section */

/* Begin PBXContainerItemProxy section */
		EECD21A01A2459FA000A78BC /* PBXContainerItemProxy */ = {
			isa = PBXContainerItemProxy;
			containerPortal = EECD217E1A2459FA000A78BC /* Project object */;
			proxyType = 1;
			remoteGlobalIDString = EECD21851A2459FA000A78BC;
			remoteInfo = AFuuHelpMe;
		};
/* End PBXContainerItemProxy section */

/* Begin PBXFileReference section */
		EE6767431A24DE9000D3D7CD /* robot_outline.png */ = {isa = PBXFileReference; lastKnownFileType = image.png; path = robot_outline.png; sourceTree = "<group>"; };
		EECD21861A2459FA000A78BC /* 阿福幫我.app */ = {isa = PBXFileReference; explicitFileType = wrapper.application; includeInIndex = 0; path = "阿福幫我.app"; sourceTree = BUILT_PRODUCTS_DIR; };
		EECD218A1A2459FA000A78BC /* Info.plist */ = {isa = PBXFileReference; lastKnownFileType = text.plist.xml; path = Info.plist; sourceTree = "<group>"; };
		EECD218B1A2459FA000A78BC /* main.m */ = {isa = PBXFileReference; lastKnownFileType = sourcecode.c.objc; path = main.m; sourceTree = "<group>"; };
		EECD218D1A2459FA000A78BC /* AppDelegate.h */ = {isa = PBXFileReference; lastKnownFileType = sourcecode.c.h; path = AppDelegate.h; sourceTree = "<group>"; };
		EECD218E1A2459FA000A78BC /* AppDelegate.m */ = {isa = PBXFileReference; lastKnownFileType = sourcecode.c.objc; path = AppDelegate.m; sourceTree = "<group>"; };
		EECD21901A2459FA000A78BC /* ViewController.h */ = {isa = PBXFileReference; lastKnownFileType = sourcecode.c.h; path = ViewController.h; sourceTree = "<group>"; };
		EECD21911A2459FA000A78BC /* ViewController.m */ = {isa = PBXFileReference; lastKnownFileType = sourcecode.c.objc; path = ViewController.m; sourceTree = "<group>"; };
		EECD21941A2459FA000A78BC /* Base */ = {isa = PBXFileReference; lastKnownFileType = file.storyboard; name = Base; path = Base.lproj/Main.storyboard; sourceTree = "<group>"; };
		EECD21961A2459FA000A78BC /* Images.xcassets */ = {isa = PBXFileReference; lastKnownFileType = folder.assetcatalog; path = Images.xcassets; sourceTree = "<group>"; };
		EECD21991A2459FA000A78BC /* Base */ = {isa = PBXFileReference; lastKnownFileType = file.xib; name = Base; path = Base.lproj/LaunchScreen.xib; sourceTree = "<group>"; };
		EECD219F1A2459FA000A78BC /* AFuuHelpMeTests.xctest */ = {isa = PBXFileReference; explicitFileType = wrapper.cfbundle; includeInIndex = 0; path = AFuuHelpMeTests.xctest; sourceTree = BUILT_PRODUCTS_DIR; };
		EECD21A41A2459FA000A78BC /* Info.plist */ = {isa = PBXFileReference; lastKnownFileType = text.plist.xml; path = Info.plist; sourceTree = "<group>"; };
		EECD21A51A2459FA000A78BC /* AFuuHelpMeTests.m */ = {isa = PBXFileReference; lastKnownFileType = sourcecode.c.objc; path = AFuuHelpMeTests.m; sourceTree = "<group>"; };
		EECD21AF1A245A2C000A78BC /* CoreGraphics.framework */ = {isa = PBXFileReference; lastKnownFileType = wrapper.framework; name = CoreGraphics.framework; path = System/Library/Frameworks/CoreGraphics.framework; sourceTree = SDKROOT; };
		EECD21B11A245A34000A78BC /* CoreLocation.framework */ = {isa = PBXFileReference; lastKnownFileType = wrapper.framework; name = CoreLocation.framework; path = System/Library/Frameworks/CoreLocation.framework; sourceTree = SDKROOT; };
		EECD21B31A245A3B000A78BC /* UIKit.framework */ = {isa = PBXFileReference; lastKnownFileType = wrapper.framework; name = UIKit.framework; path = System/Library/Frameworks/UIKit.framework; sourceTree = SDKROOT; };
		EECD21B51A245A46000A78BC /* Foundation.framework */ = {isa = PBXFileReference; lastKnownFileType = wrapper.framework; name = Foundation.framework; path = System/Library/Frameworks/Foundation.framework; sourceTree = SDKROOT; };
		EED79EAF1A276E0800E42230 /* bulb_gradient.png */ = {isa = PBXFileReference; lastKnownFileType = image.png; path = bulb_gradient.png; sourceTree = "<group>"; };
		EED79EB01A276E0800E42230 /* bulb.png */ = {isa = PBXFileReference; lastKnownFileType = image.png; path = bulb.png; sourceTree = "<group>"; };
		EED79EB11A276E0800E42230 /* chrome_icon_gradient.png */ = {isa = PBXFileReference; lastKnownFileType = image.png; path = chrome_icon_gradient.png; sourceTree = "<group>"; };
		EED79EB21A276E0800E42230 /* chrome_icon.png */ = {isa = PBXFileReference; lastKnownFileType = image.png; path = chrome_icon.png; sourceTree = "<group>"; };
		EED79EB31A276E0800E42230 /* youtube_logo_gradient.png */ = {isa = PBXFileReference; lastKnownFileType = image.png; path = youtube_logo_gradient.png; sourceTree = "<group>"; };
		EED79EB41A276E0800E42230 /* youtube_logo.png */ = {isa = PBXFileReference; lastKnownFileType = image.png; path = youtube_logo.png; sourceTree = "<group>"; };
/* End PBXFileReference section */

/* Begin PBXFrameworksBuildPhase section */
		EECD21831A2459FA000A78BC /* Frameworks */ = {
			isa = PBXFrameworksBuildPhase;
			buildActionMask = 2147483647;
			files = (
				EECD21B61A245A46000A78BC /* Foundation.framework in Frameworks */,
				EECD21B41A245A3B000A78BC /* UIKit.framework in Frameworks */,
				EECD21B21A245A34000A78BC /* CoreLocation.framework in Frameworks */,
				EECD21B01A245A2C000A78BC /* CoreGraphics.framework in Frameworks */,
			);
			runOnlyForDeploymentPostprocessing = 0;
		};
		EECD219C1A2459FA000A78BC /* Frameworks */ = {
			isa = PBXFrameworksBuildPhase;
			buildActionMask = 2147483647;
			files = (
			);
			runOnlyForDeploymentPostprocessing = 0;
		};
/* End PBXFrameworksBuildPhase section */

/* Begin PBXGroup section */
		EECD217D1A2459FA000A78BC = {
			isa = PBXGroup;
			children = (
				EECD21B71A245A4A000A78BC /* Frameworks */,
				EECD21881A2459FA000A78BC /* AFuuHelpMe */,
				EECD21A21A2459FA000A78BC /* AFuuHelpMeTests */,
				EECD21871A2459FA000A78BC /* Products */,
			);
			sourceTree = "<group>";
		};
		EECD21871A2459FA000A78BC /* Products */ = {
			isa = PBXGroup;
			children = (
				EECD21861A2459FA000A78BC /* 阿福幫我.app */,
				EECD219F1A2459FA000A78BC /* AFuuHelpMeTests.xctest */,
			);
			name = Products;
			sourceTree = "<group>";
		};
		EECD21881A2459FA000A78BC /* AFuuHelpMe */ = {
			isa = PBXGroup;
			children = (
				EED79EAF1A276E0800E42230 /* bulb_gradient.png */,
				EED79EB01A276E0800E42230 /* bulb.png */,
				EED79EB11A276E0800E42230 /* chrome_icon_gradient.png */,
				EED79EB21A276E0800E42230 /* chrome_icon.png */,
				EED79EB31A276E0800E42230 /* youtube_logo_gradient.png */,
				EED79EB41A276E0800E42230 /* youtube_logo.png */,
				EE6767431A24DE9000D3D7CD /* robot_outline.png */,
				EECD218D1A2459FA000A78BC /* AppDelegate.h */,
				EECD218E1A2459FA000A78BC /* AppDelegate.m */,
				EECD21901A2459FA000A78BC /* ViewController.h */,
				EECD21911A2459FA000A78BC /* ViewController.m */,
				EECD21931A2459FA000A78BC /* Main.storyboard */,
				EECD21961A2459FA000A78BC /* Images.xcassets */,
				EECD21981A2459FA000A78BC /* LaunchScreen.xib */,
				EECD21891A2459FA000A78BC /* Supporting Files */,
			);
			path = AFuuHelpMe;
			sourceTree = "<group>";
		};
		EECD21891A2459FA000A78BC /* Supporting Files */ = {
			isa = PBXGroup;
			children = (
				EECD218A1A2459FA000A78BC /* Info.plist */,
				EECD218B1A2459FA000A78BC /* main.m */,
			);
			name = "Supporting Files";
			sourceTree = "<group>";
		};
		EECD21A21A2459FA000A78BC /* AFuuHelpMeTests */ = {
			isa = PBXGroup;
			children = (
				EECD21A51A2459FA000A78BC /* AFuuHelpMeTests.m */,
				EECD21A31A2459FA000A78BC /* Supporting Files */,
			);
			path = AFuuHelpMeTests;
			sourceTree = "<group>";
		};
		EECD21A31A2459FA000A78BC /* Supporting Files */ = {
			isa = PBXGroup;
			children = (
				EECD21A41A2459FA000A78BC /* Info.plist */,
			);
			name = "Supporting Files";
			sourceTree = "<group>";
		};
		EECD21B71A245A4A000A78BC /* Frameworks */ = {
			isa = PBXGroup;
			children = (
				EECD21B51A245A46000A78BC /* Foundation.framework */,
				EECD21B31A245A3B000A78BC /* UIKit.framework */,
				EECD21B11A245A34000A78BC /* CoreLocation.framework */,
				EECD21AF1A245A2C000A78BC /* CoreGraphics.framework */,
			);
			name = Frameworks;
			sourceTree = "<group>";
		};
/* End PBXGroup section */

/* Begin PBXNativeTarget section */
		EECD21851A2459FA000A78BC /* AFuuHelpMe */ = {
			isa = PBXNativeTarget;
			buildConfigurationList = EECD21A91A2459FA000A78BC /* Build configuration list for PBXNativeTarget "AFuuHelpMe" */;
			buildPhases = (
				EECD21821A2459FA000A78BC /* Sources */,
				EECD21831A2459FA000A78BC /* Frameworks */,
				EECD21841A2459FA000A78BC /* Resources */,
			);
			buildRules = (
			);
			dependencies = (
			);
			name = AFuuHelpMe;
			productName = AFuuHelpMe;
			productReference = EECD21861A2459FA000A78BC /* 阿福幫我.app */;
			productType = "com.apple.product-type.application";
		};
		EECD219E1A2459FA000A78BC /* AFuuHelpMeTests */ = {
			isa = PBXNativeTarget;
			buildConfigurationList = EECD21AC1A2459FA000A78BC /* Build configuration list for PBXNativeTarget "AFuuHelpMeTests" */;
			buildPhases = (
				EECD219B1A2459FA000A78BC /* Sources */,
				EECD219C1A2459FA000A78BC /* Frameworks */,
				EECD219D1A2459FA000A78BC /* Resources */,
			);
			buildRules = (
			);
			dependencies = (
				EECD21A11A2459FA000A78BC /* PBXTargetDependency */,
			);
			name = AFuuHelpMeTests;
			productName = AFuuHelpMeTests;
			productReference = EECD219F1A2459FA000A78BC /* AFuuHelpMeTests.xctest */;
			productType = "com.apple.product-type.bundle.unit-test";
		};
/* End PBXNativeTarget section */

/* Begin PBXProject section */
		EECD217E1A2459FA000A78BC /* Project object */ = {
			isa = PBXProject;
			attributes = {
				LastUpgradeCheck = 0610;
				ORGANIZATIONNAME = RyanTseng;
				TargetAttributes = {
					EECD21851A2459FA000A78BC = {
						CreatedOnToolsVersion = 6.1;
						SystemCapabilities = {
							com.apple.BackgroundModes = {
								enabled = 1;
							};
						};
					};
					EECD219E1A2459FA000A78BC = {
						CreatedOnToolsVersion = 6.1;
						TestTargetID = EECD21851A2459FA000A78BC;
					};
				};
			};
			buildConfigurationList = EECD21811A2459FA000A78BC /* Build configuration list for PBXProject "AFuuHelpMe" */;
			compatibilityVersion = "Xcode 3.2";
			developmentRegion = English;
			hasScannedForEncodings = 0;
			knownRegions = (
				en,
				Base,
			);
			mainGroup = EECD217D1A2459FA000A78BC;
			productRefGroup = EECD21871A2459FA000A78BC /* Products */;
			projectDirPath = "";
			projectRoot = "";
			targets = (
				EECD21851A2459FA000A78BC /* AFuuHelpMe */,
				EECD219E1A2459FA000A78BC /* AFuuHelpMeTests */,
			);
		};
/* End PBXProject section */

/* Begin PBXResourcesBuildPhase section */
		EECD21841A2459FA000A78BC /* Resources */ = {
			isa = PBXResourcesBuildPhase;
			buildActionMask = 2147483647;
			files = (
				EED79EB81A276E0800E42230 /* chrome_icon.png in Resources */,
				EECD21951A2459FA000A78BC /* Main.storyboard in Resources */,
				EED79EB51A276E0800E42230 /* bulb_gradient.png in Resources */,
				EED79EB61A276E0800E42230 /* bulb.png in Resources */,
				EE6767441A24DE9000D3D7CD /* robot_outline.png in Resources */,
				EECD219A1A2459FA000A78BC /* LaunchScreen.xib in Resources */,
				EED79EBA1A276E0800E42230 /* youtube_logo.png in Resources */,
				EED79EB91A276E0800E42230 /* youtube_logo_gradient.png in Resources */,
				EED79EB71A276E0800E42230 /* chrome_icon_gradient.png in Resources */,
				EECD21971A2459FA000A78BC /* Images.xcassets in Resources */,
			);
			runOnlyForDeploymentPostprocessing = 0;
		};
		EECD219D1A2459FA000A78BC /* Resources */ = {
			isa = PBXResourcesBuildPhase;
			buildActionMask = 2147483647;
			files = (
			);
			runOnlyForDeploymentPostprocessing = 0;
		};
/* End PBXResourcesBuildPhase section */

/* Begin PBXSourcesBuildPhase section */
		EECD21821A2459FA000A78BC /* Sources */ = {
			isa = PBXSourcesBuildPhase;
			buildActionMask = 2147483647;
			files = (
				EECD21921A2459FA000A78BC /* ViewController.m in Sources */,
				EECD218F1A2459FA000A78BC /* AppDelegate.m in Sources */,
				EECD218C1A2459FA000A78BC /* main.m in Sources */,
			);
			runOnlyForDeploymentPostprocessing = 0;
		};
		EECD219B1A2459FA000A78BC /* Sources */ = {
			isa = PBXSourcesBuildPhase;
			buildActionMask = 2147483647;
			files = (
				EECD21A61A2459FA000A78BC /* AFuuHelpMeTests.m in Sources */,
			);
			runOnlyForDeploymentPostprocessing = 0;
		};
/* End PBXSourcesBuildPhase section */

/* Begin PBXTargetDependency section */
		EECD21A11A2459FA000A78BC /* PBXTargetDependency */ = {
			isa = PBXTargetDependency;
			target = EECD21851A2459FA000A78BC /* AFuuHelpMe */;
			targetProxy = EECD21A01A2459FA000A78BC /* PBXContainerItemProxy */;
		};
/* End PBXTargetDependency section */

/* Begin PBXVariantGroup section */
		EECD21931A2459FA000A78BC /* Main.storyboard */ = {
			isa = PBXVariantGroup;
			children = (
				EECD21941A2459FA000A78BC /* Base */,
			);
			name = Main.storyboard;
			sourceTree = "<group>";
		};
		EECD21981A2459FA000A78BC /* LaunchScreen.xib */ = {
			isa = PBXVariantGroup;
			children = (
				EECD21991A2459FA000A78BC /* Base */,
			);
			name = LaunchScreen.xib;
			sourceTree = "<group>";
		};
/* End PBXVariantGroup section */

/* Begin XCBuildConfiguration section */
		EECD21A71A2459FA000A78BC /* Debug */ = {
			isa = XCBuildConfiguration;
			buildSettings = {
				ALWAYS_SEARCH_USER_PATHS = NO;
				CLANG_CXX_LANGUAGE_STANDARD = "gnu++0x";
				CLANG_CXX_LIBRARY = "libc++";
				CLANG_ENABLE_MODULES = YES;
				CLANG_ENABLE_OBJC_ARC = YES;
				CLANG_WARN_BOOL_CONVERSION = YES;
				CLANG_WARN_CONSTANT_CONVERSION = YES;
				CLANG_WARN_DIRECT_OBJC_ISA_USAGE = YES_ERROR;
				CLANG_WARN_EMPTY_BODY = YES;
				CLANG_WARN_ENUM_CONVERSION = YES;
				CLANG_WARN_INT_CONVERSION = YES;
				CLANG_WARN_OBJC_ROOT_CLASS = YES_ERROR;
				CLANG_WARN_UNREACHABLE_CODE = YES;
				CLANG_WARN__DUPLICATE_METHOD_MATCH = YES;
				"CODE_SIGN_IDENTITY[sdk=iphoneos*]" = "iPhone Developer";
				COPY_PHASE_STRIP = NO;
				ENABLE_STRICT_OBJC_MSGSEND = YES;
				GCC_C_LANGUAGE_STANDARD = gnu99;
				GCC_DYNAMIC_NO_PIC = NO;
				GCC_OPTIMIZATION_LEVEL = 0;
				GCC_PREPROCESSOR_DEFINITIONS = (
					"DEBUG=1",
					"$(inherited)",
				);
				GCC_SYMBOLS_PRIVATE_EXTERN = NO;
				GCC_WARN_64_TO_32_BIT_CONVERSION = YES;
				GCC_WARN_ABOUT_RETURN_TYPE = YES_ERROR;
				GCC_WARN_UNDECLARED_SELECTOR = YES;
				GCC_WARN_UNINITIALIZED_AUTOS = YES_AGGRESSIVE;
				GCC_WARN_UNUSED_FUNCTION = YES;
				GCC_WARN_UNUSED_VARIABLE = YES;
				IPHONEOS_DEPLOYMENT_TARGET = 8.1;
				MTL_ENABLE_DEBUG_INFO = YES;
				ONLY_ACTIVE_ARCH = YES;
				SDKROOT = iphoneos;
			};
			name = Debug;
		};
		EECD21A81A2459FA000A78BC /* Release */ = {
			isa = XCBuildConfiguration;
			buildSettings = {
				ALWAYS_SEARCH_USER_PATHS = NO;
				CLANG_CXX_LANGUAGE_STANDARD = "gnu++0x";
				CLANG_CXX_LIBRARY = "libc++";
				CLANG_ENABLE_MODULES = YES;
				CLANG_ENABLE_OBJC_ARC = YES;
				CLANG_WARN_BOOL_CONVERSION = YES;
				CLANG_WARN_CONSTANT_CONVERSION = YES;
				CLANG_WARN_DIRECT_OBJC_ISA_USAGE = YES_ERROR;
				CLANG_WARN_EMPTY_BODY = YES;
				CLANG_WARN_ENUM_CONVERSION = YES;
				CLANG_WARN_INT_CONVERSION = YES;
				CLANG_WARN_OBJC_ROOT_CLASS = YES_ERROR;
				CLANG_WARN_UNREACHABLE_CODE = YES;
				CLANG_WARN__DUPLICATE_METHOD_MATCH = YES;
				"CODE_SIGN_IDENTITY[sdk=iphoneos*]" = "iPhone Developer";
				COPY_PHASE_STRIP = YES;
				ENABLE_NS_ASSERTIONS = NO;
				ENABLE_STRICT_OBJC_MSGSEND = YES;
				GCC_C_LANGUAGE_STANDARD = gnu99;
				GCC_WARN_64_TO_32_BIT_CONVERSION = YES;
				GCC_WARN_ABOUT_RETURN_TYPE = YES_ERROR;
				GCC_WARN_UNDECLARED_SELECTOR = YES;
				GCC_WARN_UNINITIALIZED_AUTOS = YES_AGGRESSIVE;
				GCC_WARN_UNUSED_FUNCTION = YES;
				GCC_WARN_UNUSED_VARIABLE = YES;
				IPHONEOS_DEPLOYMENT_TARGET = 8.1;
				MTL_ENABLE_DEBUG_INFO = NO;
				SDKROOT = iphoneos;
				VALIDATE_PRODUCT = YES;
			};
			name = Release;
		};
		EECD21AA1A2459FA000A78BC /* Debug */ = {
			isa = XCBuildConfiguration;
			buildSettings = {
				ASSETCATALOG_COMPILER_APPICON_NAME = AppIcon;
				ASSETCATALOG_COMPILER_LAUNCHIMAGE_NAME = LaunchImage;
				INFOPLIST_FILE = AFuuHelpMe/Info.plist;
				LD_RUNPATH_SEARCH_PATHS = "$(inherited) @executable_path/Frameworks";
				PRODUCT_NAME = "阿福幫我";
			};
			name = Debug;
		};
		EECD21AB1A2459FA000A78BC /* Release */ = {
			isa = XCBuildConfiguration;
			buildSettings = {
				ASSETCATALOG_COMPILER_APPICON_NAME = AppIcon;
				ASSETCATALOG_COMPILER_LAUNCHIMAGE_NAME = LaunchImage;
				INFOPLIST_FILE = AFuuHelpMe/Info.plist;
				LD_RUNPATH_SEARCH_PATHS = "$(inherited) @executable_path/Frameworks";
				PRODUCT_NAME = "阿福幫我";
			};
			name = Release;
		};
		EECD21AD1A2459FA000A78BC /* Debug */ = {
			isa = XCBuildConfiguration;
			buildSettings = {
				BUNDLE_LOADER = "$(TEST_HOST)";
				FRAMEWORK_SEARCH_PATHS = (
					"$(SDKROOT)/Developer/Library/Frameworks",
					"$(inherited)",
				);
				GCC_PREPROCESSOR_DEFINITIONS = (
					"DEBUG=1",
					"$(inherited)",
				);
				INFOPLIST_FILE = AFuuHelpMeTests/Info.plist;
				LD_RUNPATH_SEARCH_PATHS = "$(inherited) @executable_path/Frameworks @loader_path/Frameworks";
				PRODUCT_NAME = "$(TARGET_NAME)";
				TEST_HOST = "$(BUILT_PRODUCTS_DIR)/AFuuHelpMe.app/AFuuHelpMe";
			};
			name = Debug;
		};
		EECD21AE1A2459FA000A78BC /* Release */ = {
			isa = XCBuildConfiguration;
			buildSettings = {
				BUNDLE_LOADER = "$(TEST_HOST)";
				FRAMEWORK_SEARCH_PATHS = (
					"$(SDKROOT)/Developer/Library/Frameworks",
					"$(inherited)",
				);
				INFOPLIST_FILE = AFuuHelpMeTests/Info.plist;
				LD_RUNPATH_SEARCH_PATHS = "$(inherited) @executable_path/Frameworks @loader_path/Frameworks";
				PRODUCT_NAME = "$(TARGET_NAME)";
				TEST_HOST = "$(BUILT_PRODUCTS_DIR)/AFuuHelpMe.app/AFuuHelpMe";
			};
			name = Release;
		};
/* End XCBuildConfiguration section */

/* Begin XCConfigurationList section */
		EECD21811A2459FA000A78BC /* Build configuration list for PBXProject "AFuuHelpMe" */ = {
			isa = XCConfigurationList;
			buildConfigurations = (
				EECD21A71A2459FA000A78BC /* Debug */,
				EECD21A81A2459FA000A78BC /* Release */,
			);
			defaultConfigurationIsVisible = 0;
			defaultConfigurationName = Release;
		};
		EECD21A91A2459FA000A78BC /* Build configuration list for PBXNativeTarget "AFuuHelpMe" */ = {
			isa = XCConfigurationList;
			buildConfigurations = (
				EECD21AA1A2459FA000A78BC /* Debug */,
				EECD21AB1A2459FA000A78BC /* Release */,
			);
			defaultConfigurationIsVisible = 0;
			defaultConfigurationName = Release;
		};
		EECD21AC1A2459FA000A78BC /* Build configuration list for PBXNativeTarget "AFuuHelpMeTests" */ = {
			isa = XCConfigurationList;
			buildConfigurations = (
				EECD21AD1A2459FA000A78BC /* Debug */,
				EECD21AE1A2459FA000A78BC /* Release */,
			);
			defaultConfigurationIsVisible = 0;
			defaultConfigurationName = Release;
		};
/* End XCConfigurationList section */
	};
	rootObject = EECD217E1A2459FA000A78BC /* Project object */;
}
